Microsoft Visual Studio Solution File, Format Version 12.00
# Visual Studio Version 17
VisualStudioVersion = 17.0.31611.283
MinimumVisualStudioVersion = 10.0.40219.1
Project("{9A19103F-16F7-4668-BE54-9A1E7A4F7556}") = "NyaNyaNya", "NyaNyaNya\NyaNyaNya.csproj", "{A58BA2F7-13A8-4F16-AF41-D0BC4B09857A}"
EndProject
Global
	GlobalSection(SolutionConfigurationPlatforms) = preSolution
		Debug|Any CPU = Debug|Any CPU
		Release|Any CPU = Release|Any CPU
	EndGlobalSection
	GlobalSection(ProjectConfigurationPlatforms) = postSolution
		{A58BA2F7-13A8-4F16-AF41-D0BC4B09857A}.Debug|Any CPU.ActiveCfg = Debug|Any CPU
		{A58BA2F7-13A8-4F16-AF41-D0BC4B09857A}.Debug|Any CPU.Build.0 = Debug|Any CPU
		{A58BA2F7-13A8-4F16-AF41-D0BC4B09857A}.Debug|Any CPU.Deploy.0 = Debug|Any CPU
		{A58BA2F7-13A8-4F16-AF41-D0BC4B09857A}.Release|Any CPU.ActiveCfg = Release|Any CPU
		{A58BA2F7-13A8-4F16-AF41-D0BC4B09857A}.Release|Any CPU.Build.0 = Release|Any CPU
		{A58BA2F7-13A8-4F16-AF41-D0BC4B09857A}.Release|Any CPU.Deploy.0 = Release|Any CPU
	EndGlobalSection
	GlobalSection(SolutionProperties) = preSolution
		HideSolutionNode = FALSE
	EndGlobalSection
	GlobalSection(ExtensibilityGlobals) = postSolution
		SolutionGuid = {91110404-6E20-4BDE-9073-B8C7D781E704}
		        SolutionGuid = {61F7FB11-1E47-470C-91E2-47F8143E1572}
	EndGlobalSection
EndGlobal
